PODS:
  - Flutter (1.0.0)
  - flutter_local_notifications (0.0.1):
    - Flutter
  - image_picker_ios (0.0.1):
    - Flutter
  - MTBBarcodeScanner (5.0.11)
  - qr_code_scanner (0.2.0):
    - Flutter
    - MTBBarcodeScanner

DEPENDENCIES:
  - Flutter (from `Flutter`)
  - flutter_local_notifications (from `.symlinks/plugins/flutter_local_notifications/ios`)
  - image_picker_ios (from `.symlinks/plugins/image_picker_ios/ios`)
  - qr_code_scanner (from `.symlinks/plugins/qr_code_scanner/ios`)

SPEC REPOS:
  trunk:
    - MTBBarcodeScanner

EXTERNAL SOURCES:
  Flutter:
    :path: Flutter
  flutter_local_notifications:
    :path: ".symlinks/plugins/flutter_local_notifications/ios"
  image_picker_ios:
    :path: ".symlinks/plugins/image_picker_ios/ios"
  qr_code_scanner:
    :path: ".symlinks/plugins/qr_code_scanner/ios"

SPEC CHECKSUMS:
  Flutter: e0871f40cf51350855a761d2e70bf5af5b9b5de7
  flutter_local_notifications: df98d66e515e1ca797af436137b4459b160ad8c9
  image_picker_ios: c560581cceedb403a6ff17f2f816d7fea1421fc1
  MTBBarcodeScanner: f453b33c4b7dfe545d8c6484ed744d55671788cb
  qr_code_scanner: bb67d64904c3b9658ada8c402e8b4d406d5d796e

PODFILE CHECKSUM: 17e7b212c8f95790037679710711e4390392a488

COCOAPODS: 1.16.2
